
Microsoft Visual Studio Solution File, Format Version 12.00
# Visual Studio Version 17
VisualStudioVersion = 17.4.33103.184
MinimumVisualStudioVersion = 10.0.40219.1
Project("{FAE04EC0-301F-11D3-BF4B-00C04F79EFBC}") = "ConvertHeic", "ConvertHeic\ConvertHeic.csproj", "{B0BA94DC-FC09-4B12-A9E9-EE181C32EBE5}"
EndProject
Global
	GlobalSection(SolutionConfigurationPlatforms) = preSolution
		Debug|Any CPU = Debug|Any CPU
		Release|Any CPU = Release|Any CPU
	EndGlobalSection
	GlobalSection(ProjectConfigurationPlatforms) = postSolution
		{B0BA94DC-FC09-4B12-A9E9-EE181C32EBE5}.Debug|Any CPU.ActiveCfg = Debug|Any CPU
		{B0BA94DC-FC09-4B12-A9E9-EE181C32EBE5}.Debug|Any CPU.Build.0 = Debug|Any CPU
		{B0BA94DC-FC09-4B12-A9E9-EE181C32EBE5}.Release|Any CPU.ActiveCfg = Release|Any CPU
		{B0BA94DC-FC09-4B12-A9E9-EE181C32EBE5}.Release|Any CPU.Build.0 = Release|Any CPU
	EndGlobalSection
	GlobalSection(SolutionProperties) = preSolution
		HideSolutionNode = FALSE
	EndGlobalSection
	GlobalSection(ExtensibilityGlobals) = postSolution
		SolutionGuid = {C9143D98-3059-4EE7-94A3-F83F8EC7E68F}
	EndGlobalSection
EndGlobal
